
Microsoft Visual Studio Solution File, Format Version 12.00
# Visual Studio Version 16
VisualStudioVersion = 16.0.30330.147
MinimumVisualStudioVersion = 10.0.40219.1
Project("{9A19103F-16F7-4668-BE54-9A1E7A4F7556}") = "BeanSeans", "BeanSeans\BeanSeans.csproj", "{C87F2E5E-2152-4D89-91D8-62AA321B54A8}"
EndProject
Project("{FAE04EC0-301F-11D3-BF4B-00C04F79EFBC}") = "BeanSeansTests2", "BeanSeansTests2\BeanSeansTests2.csproj", "{2AE84BB5-1EFE-4D46-9B1A-C266415D185F}"
EndProject
Global
	GlobalSection(SolutionConfigurationPlatforms) = preSolution
		Debug|Any CPU = Debug|Any CPU
		Release|Any CPU = Release|Any CPU
	EndGlobalSection
	GlobalSection(ProjectConfigurationPlatforms) = postSolution
		{C87F2E5E-2152-4D89-91D8-62AA321B54A8}.Debug|Any CPU.ActiveCfg = Debug|Any CPU
		{C87F2E5E-2152-4D89-91D8-62AA321B54A8}.Debug|Any CPU.Build.0 = Debug|Any CPU
		{C87F2E5E-2152-4D89-91D8-62AA321B54A8}.Release|Any CPU.ActiveCfg = Release|Any CPU
		{C87F2E5E-2152-4D89-91D8-62AA321B54A8}.Release|Any CPU.Build.0 = Release|Any CPU
		{2AE84BB5-1EFE-4D46-9B1A-C266415D185F}.Debug|Any CPU.ActiveCfg = Debug|Any CPU
		{2AE84BB5-1EFE-4D46-9B1A-C266415D185F}.Debug|Any CPU.Build.0 = Debug|Any CPU
		{2AE84BB5-1EFE-4D46-9B1A-C266415D185F}.Release|Any CPU.ActiveCfg = Release|Any CPU
		{2AE84BB5-1EFE-4D46-9B1A-C266415D185F}.Release|Any CPU.Build.0 = Release|Any CPU
	EndGlobalSection
	GlobalSection(SolutionProperties) = preSolution
		HideSolutionNode = FALSE
	EndGlobalSection
	GlobalSection(ExtensibilityGlobals) = postSolution
		SolutionGuid = {599EB082-6E2D-40F4-9475-480D95D505CC}
	EndGlobalSection
EndGlobal
